// !$*UTF8*$!
{
	archiveVersion = 1;
	classes = {
	};
	objectVersion = 46;
	objects = {

/* Begin PBXBuildFile section */
		68C9C6221E79550500E05725 /* AppDelegate.swift in Sources */ = {isa = PBXBuildFile; fileRef = 68C9C6211E79550500E05725 /* AppDelegate.swift */; };
		68C9C6271E79550500E05725 /* Main.storyboard in Resources */ = {isa = PBXBuildFile; fileRef = 68C9C6251E79550500E05725 /* Main.storyboard */; };
		68C9C62A1E79550500E05725 /* App_Rullo.xcdatamodeld in Sources */ = {isa = PBXBuildFile; fileRef = 68C9C6281E79550500E05725 /* App_Rullo.xcdatamodeld */; };
		68C9C62C1E79550500E05725 /* Assets.xcassets in Resources */ = {isa = PBXBuildFile; fileRef = 68C9C62B1E79550500E05725 /* Assets.xcassets */; };
		68C9C62F1E79550500E05725 /* LaunchScreen.storyboard in Resources */ = {isa = PBXBuildFile; fileRef = 68C9C62D1E79550500E05725 /* LaunchScreen.storyboard */; };
		68C9C6371E79551200E05725 /* APIUTILS.swift in Sources */ = {isa = PBXBuildFile; fileRef = 68C9C6361E79551200E05725 /* APIUTILS.swift */; };
		68C9C6391E79673400E05725 /* ARGamesListCollectionViewController.swift in Sources */ = {isa = PBXBuildFile; fileRef = 68C9C6381E79673400E05725 /* ARGamesListCollectionViewController.swift */; };
		68C9C63B1E79674A00E05725 /* ARGameDetailCustomCell.swift in Sources */ = {isa = PBXBuildFile; fileRef = 68C9C63A1E79674A00E05725 /* ARGameDetailCustomCell.swift */; };
		68C9C63D1E79676100E05725 /* ARAddNewGameViewController.swift in Sources */ = {isa = PBXBuildFile; fileRef = 68C9C63C1E79676100E05725 /* ARAddNewGameViewController.swift */; };
/* End PBXBuildFile section */

/* Begin PBXFileReference section */
		68C9C61E1E79550500E05725 /* iRullo.app */ = {isa = PBXFileReference; explicitFileType = wrapper.application; includeInIndex = 0; path = iRullo.app; sourceTree = BUILT_PRODUCTS_DIR; };
		68C9C6211E79550500E05725 /* AppDelegate.swift */ = {isa = PBXFileReference; lastKnownFileType = sourcecode.swift; path = AppDelegate.swift; sourceTree = "<group>"; };
		68C9C6261E79550500E05725 /* Base */ = {isa = PBXFileReference; lastKnownFileType = file.storyboard; name = Base; path = Base.lproj/Main.storyboard; sourceTree = "<group>"; };
		68C9C6291E79550500E05725 /* App_Rullo.xcdatamodel */ = {isa = PBXFileReference; lastKnownFileType = wrapper.xcdatamodel; path = App_Rullo.xcdatamodel; sourceTree = "<group>"; };
		68C9C62B1E79550500E05725 /* Assets.xcassets */ = {isa = PBXFileReference; lastKnownFileType = folder.assetcatalog; path = Assets.xcassets; sourceTree = "<group>"; };
		68C9C62E1E79550500E05725 /* Base */ = {isa = PBXFileReference; lastKnownFileType = file.storyboard; name = Base; path = Base.lproj/LaunchScreen.storyboard; sourceTree = "<group>"; };
		68C9C6301E79550500E05725 /* Info.plist */ = {isa = PBXFileReference; lastKnownFileType = text.plist.xml; path = Info.plist; sourceTree = "<group>"; };
		68C9C6361E79551200E05725 /* APIUTILS.swift */ = {isa = PBXFileReference; fileEncoding = 4; lastKnownFileType = sourcecode.swift; path = APIUTILS.swift; sourceTree = "<group>"; };
		68C9C6381E79673400E05725 /* ARGamesListCollectionViewController.swift */ = {isa = PBXFileReference; fileEncoding = 4; lastKnownFileType = sourcecode.swift; path = ARGamesListCollectionViewController.swift; sourceTree = "<group>"; };
		68C9C63A1E79674A00E05725 /* ARGameDetailCustomCell.swift */ = {isa = PBXFileReference; fileEncoding = 4; lastKnownFileType = sourcecode.swift; path = ARGameDetailCustomCell.swift; sourceTree = "<group>"; };
		68C9C63C1E79676100E05725 /* ARAddNewGameViewController.swift */ = {isa = PBXFileReference; fileEncoding = 4; lastKnownFileType = sourcecode.swift; path = ARAddNewGameViewController.swift; sourceTree = "<group>"; };
/* End PBXFileReference section */

/* Begin PBXFrameworksBuildPhase section */
		68C9C61B1E79550500E05725 /* Frameworks */ = {
			isa = PBXFrameworksBuildPhase;
			buildActionMask = 2147483647;
			files = (
			);
			runOnlyForDeploymentPostprocessing = 0;
		};
/* End PBXFrameworksBuildPhase section */

/* Begin PBXGroup section */
		68C9C6151E79550500E05725 = {
			isa = PBXGroup;
			children = (
				68C9C6201E79550500E05725 /* App_Rullo */,
				68C9C61F1E79550500E05725 /* Products */,
			);
			sourceTree = "<group>";
		};
		68C9C61F1E79550500E05725 /* Products */ = {
			isa = PBXGroup;
			children = (
				68C9C61E1E79550500E05725 /* iRullo.app */,
			);
			name = Products;
			sourceTree = "<group>";
		};
		68C9C6201E79550500E05725 /* App_Rullo */ = {
			isa = PBXGroup;
			children = (
				68C9C6211E79550500E05725 /* AppDelegate.swift */,
				68C9C63E1E79676600E05725 /* VIEWS_CONTROLLERS */,
				68C9C6361E79551200E05725 /* APIUTILS.swift */,
				68C9C6251E79550500E05725 /* Main.storyboard */,
				68C9C62B1E79550500E05725 /* Assets.xcassets */,
				68C9C62D1E79550500E05725 /* LaunchScreen.storyboard */,
				68C9C6301E79550500E05725 /* Info.plist */,
				68C9C6281E79550500E05725 /* App_Rullo.xcdatamodeld */,
			);
			path = App_Rullo;
			sourceTree = "<group>";
		};
		68C9C63E1E79676600E05725 /* VIEWS_CONTROLLERS */ = {
			isa = PBXGroup;
			children = (
				68C9C6381E79673400E05725 /* ARGamesListCollectionViewController.swift */,
				68C9C63A1E79674A00E05725 /* ARGameDetailCustomCell.swift */,
				68C9C63C1E79676100E05725 /* ARAddNewGameViewController.swift */,
			);
			name = VIEWS_CONTROLLERS;
			sourceTree = "<group>";
		};
/* End PBXGroup section */

/* Begin PBXNativeTarget section */
		68C9C61D1E79550500E05725 /* iRullo */ = {
			isa = PBXNativeTarget;
			buildConfigurationList = 68C9C6331E79550500E05725 /* Build configuration list for PBXNativeTarget "iRullo" */;
			buildPhases = (
				68C9C61A1E79550500E05725 /* Sources */,
				68C9C61B1E79550500E05725 /* Frameworks */,
				68C9C61C1E79550500E05725 /* Resources */,
			);
			buildRules = (
			);
			dependencies = (
			);
			name = iRullo;
			productName = App_Rullo;
			productReference = 68C9C61E1E79550500E05725 /* iRullo.app */;
			productType = "com.apple.product-type.application";
		};
/* End PBXNativeTarget section */

/* Begin PBXProject section */
		68C9C6161E79550500E05725 /* Project object */ = {
			isa = PBXProject;
			attributes = {
				LastSwiftUpdateCheck = 0820;
				LastUpgradeCheck = 0820;
				ORGANIZATIONNAME = "Andres Ocampo";
				TargetAttributes = {
					68C9C61D1E79550500E05725 = {
						CreatedOnToolsVersion = 8.2.1;
						DevelopmentTeam = 2C7W4RF846;
						ProvisioningStyle = Manual;
					};
				};
			};
			buildConfigurationList = 68C9C6191E79550500E05725 /* Build configuration list for PBXProject "iRullo" */;
			compatibilityVersion = "Xcode 3.2";
			developmentRegion = English;
			hasScannedForEncodings = 0;
			knownRegions = (
				en,
				Base,
			);
			mainGroup = 68C9C6151E79550500E05725;
			productRefGroup = 68C9C61F1E79550500E05725 /* Products */;
			projectDirPath = "";
			projectRoot = "";
			targets = (
				68C9C61D1E79550500E05725 /* iRullo */,
			);
		};
/* End PBXProject section */

/* Begin PBXResourcesBuildPhase section */
		68C9C61C1E79550500E05725 /* Resources */ = {
			isa = PBXResourcesBuildPhase;
			buildActionMask = 2147483647;
			files = (
				68C9C62F1E79550500E05725 /* LaunchScreen.storyboard in Resources */,
				68C9C62C1E79550500E05725 /* Assets.xcassets in Resources */,
				68C9C6271E79550500E05725 /* Main.storyboard in Resources */,
			);
			runOnlyForDeploymentPostprocessing = 0;
		};
/* End PBXResourcesBuildPhase section */

/* Begin PBXSourcesBuildPhase section */
		68C9C61A1E79550500E05725 /* Sources */ = {
			isa = PBXSourcesBuildPhase;
			buildActionMask = 2147483647;
			files = (
				68C9C63D1E79676100E05725 /* ARAddNewGameViewController.swift in Sources */,
				68C9C6371E79551200E05725 /* APIUTILS.swift in Sources */,
				68C9C63B1E79674A00E05725 /* ARGameDetailCustomCell.swift in Sources */,
				68C9C6221E79550500E05725 /* AppDelegate.swift in Sources */,
				68C9C62A1E79550500E05725 /* App_Rullo.xcdatamodeld in Sources */,
				68C9C6391E79673400E05725 /* ARGamesListCollectionViewController.swift in Sources */,
			);
			runOnlyForDeploymentPostprocessing = 0;
		};
/* End PBXSourcesBuildPhase section */

/* Begin PBXVariantGroup section */
		68C9C6251E79550500E05725 /* Main.storyboard */ = {
			isa = PBXVariantGroup;
			children = (
				68C9C6261E79550500E05725 /* Base */,
			);
			name = Main.storyboard;
			sourceTree = "<group>";
		};
		68C9C62D1E79550500E05725 /* LaunchScreen.storyboard */ = {
			isa = PBXVariantGroup;
			children = (
				68C9C62E1E79550500E05725 /* Base */,
			);
			name = LaunchScreen.storyboard;
			sourceTree = "<group>";
		};
/* End PBXVariantGroup section */

/* Begin XCBuildConfiguration section */
		417E2F2B1E938EC5003F9DA0 /* Distribution */ = {
			isa = XCBuildConfiguration;
			buildSettings = {
				ALWAYS_SEARCH_USER_PATHS = NO;
				CLANG_ANALYZER_NONNULL = YES;
				CLANG_CXX_LANGUAGE_STANDARD = "gnu++0x";
				CLANG_CXX_LIBRARY = "libc++";
				CLANG_ENABLE_MODULES = YES;
				CLANG_ENABLE_OBJC_ARC = YES;
				CLANG_WARN_BOOL_CONVERSION = YES;
				CLANG_WARN_CONSTANT_CONVERSION = YES;
				CLANG_WARN_DIRECT_OBJC_ISA_USAGE = YES_ERROR;
				CLANG_WARN_DOCUMENTATION_COMMENTS = YES;
				CLANG_WARN_EMPTY_BODY = YES;
				CLANG_WARN_ENUM_CONVERSION = YES;
				CLANG_WARN_INFINITE_RECURSION = YES;
				CLANG_WARN_INT_CONVERSION = YES;
				CLANG_WARN_OBJC_ROOT_CLASS = YES_ERROR;
				CLANG_WARN_SUSPICIOUS_MOVE = YES;
				CLANG_WARN_UNREACHABLE_CODE = YES;
				CLANG_WARN__DUPLICATE_METHOD_MATCH = YES;
				"CODE_SIGN_IDENTITY[sdk=iphoneos*]" = "iPhone Developer";
				COPY_PHASE_STRIP = NO;
				DEBUG_INFORMATION_FORMAT = "dwarf-with-dsym";
				ENABLE_NS_ASSERTIONS = NO;
				ENABLE_STRICT_OBJC_MSGSEND = YES;
				GCC_C_LANGUAGE_STANDARD = gnu99;
				GCC_NO_COMMON_BLOCKS = YES;
				GCC_WARN_64_TO_32_BIT_CONVERSION = YES;
				GCC_WARN_ABOUT_RETURN_TYPE = YES_ERROR;
				GCC_WARN_UNDECLARED_SELECTOR = YES;
				GCC_WARN_UNINITIALIZED_AUTOS = YES_AGGRESSIVE;
				GCC_WARN_UNUSED_FUNCTION = YES;
				GCC_WARN_UNUSED_VARIABLE = YES;
				IPHONEOS_DEPLOYMENT_TARGET = 10.2;
				MTL_ENABLE_DEBUG_INFO = NO;
				SDKROOT = iphoneos;
				SWIFT_OPTIMIZATION_LEVEL = "-Owholemodule";
				VALIDATE_PRODUCT = YES;
			};
			name = Distribution;
		};
		417E2F2C1E938EC5003F9DA0 /* Distribution */ = {
			isa = XCBuildConfiguration;
			buildSettings = {
				ASSETCATALOG_COMPILER_APPICON_NAME = AppIcon;
				"CODE_SIGN_IDENTITY[sdk=iphoneos*]" = "iPhone Distribution";
				DEVELOPMENT_TEAM = 2C7W4RF846;
				INFOPLIST_FILE = App_Rullo/Info.plist;
				LD_RUNPATH_SEARCH_PATHS = "$(inherited) @executable_path/Frameworks";
				PRODUCT_BUNDLE_IDENTIFIER = com.icologic.iRullo;
				PRODUCT_NAME = "$(TARGET_NAME)";
				PROVISIONING_PROFILE = "b59cd998-f301-4cb2-86cb-f09e2847ebbd";
				PROVISIONING_PROFILE_SPECIFIER = APPRULLOPRO;
				SWIFT_VERSION = 3.0;
			};
			name = Distribution;
		};
		68C9C6311E79550500E05725 /* Debug */ = {
			isa = XCBuildConfiguration;
			buildSettings = {
				ALWAYS_SEARCH_USER_PATHS = NO;
				CLANG_ANALYZER_NONNULL = YES;
				CLANG_CXX_LANGUAGE_STANDARD = "gnu++0x";
				CLANG_CXX_LIBRARY = "libc++";
				CLANG_ENABLE_MODULES = YES;
				CLANG_ENABLE_OBJC_ARC = YES;
				CLANG_WARN_BOOL_CONVERSION = YES;
				CLANG_WARN_CONSTANT_CONVERSION = YES;
				CLANG_WARN_DIRECT_OBJC_ISA_USAGE = YES_ERROR;
				CLANG_WARN_DOCUMENTATION_COMMENTS = YES;
				CLANG_WARN_EMPTY_BODY = YES;
				CLANG_WARN_ENUM_CONVERSION = YES;
				CLANG_WARN_INFINITE_RECURSION = YES;
				CLANG_WARN_INT_CONVERSION = YES;
				CLANG_WARN_OBJC_ROOT_CLASS = YES_ERROR;
				CLANG_WARN_SUSPICIOUS_MOVE = YES;
				CLANG_WARN_UNREACHABLE_CODE = YES;
				CLANG_WARN__DUPLICATE_METHOD_MATCH = YES;
				"CODE_SIGN_IDENTITY[sdk=iphoneos*]" = "iPhone Developer";
				COPY_PHASE_STRIP = NO;
				DEBUG_INFORMATION_FORMAT = dwarf;
				ENABLE_STRICT_OBJC_MSGSEND = YES;
				ENABLE_TESTABILITY = YES;
				GCC_C_LANGUAGE_STANDARD = gnu99;
				GCC_DYNAMIC_NO_PIC = NO;
				GCC_NO_COMMON_BLOCKS = YES;
				GCC_OPTIMIZATION_LEVEL = 0;
				GCC_PREPROCESSOR_DEFINITIONS = (
					"DEBUG=1",
					"$(inherited)",
				);
				GCC_WARN_64_TO_32_BIT_CONVERSION = YES;
				GCC_WARN_ABOUT_RETURN_TYPE = YES_ERROR;
				GCC_WARN_UNDECLARED_SELECTOR = YES;
				GCC_WARN_UNINITIALIZED_AUTOS = YES_AGGRESSIVE;
				GCC_WARN_UNUSED_FUNCTION = YES;
				GCC_WARN_UNUSED_VARIABLE = YES;
				IPHONEOS_DEPLOYMENT_TARGET = 10.2;
				MTL_ENABLE_DEBUG_INFO = YES;
				ONLY_ACTIVE_ARCH = YES;
				SDKROOT = iphoneos;
				SWIFT_ACTIVE_COMPILATION_CONDITIONS = DEBUG;
				SWIFT_OPTIMIZATION_LEVEL = "-Onone";
			};
			name = Debug;
		};
		68C9C6321E79550500E05725 /* Release */ = {
			isa = XCBuildConfiguration;
			buildSettings = {
				ALWAYS_SEARCH_USER_PATHS = NO;
				CLANG_ANALYZER_NONNULL = YES;
				CLANG_CXX_LANGUAGE_STANDARD = "gnu++0x";
				CLANG_CXX_LIBRARY = "libc++";
				CLANG_ENABLE_MODULES = YES;
				CLANG_ENABLE_OBJC_ARC = YES;
				CLANG_WARN_BOOL_CONVERSION = YES;
				CLANG_WARN_CONSTANT_CONVERSION = YES;
				CLANG_WARN_DIRECT_OBJC_ISA_USAGE = YES_ERROR;
				CLANG_WARN_DOCUMENTATION_COMMENTS = YES;
				CLANG_WARN_EMPTY_BODY = YES;
				CLANG_WARN_ENUM_CONVERSION = YES;
				CLANG_WARN_INFINITE_RECURSION = YES;
				CLANG_WARN_INT_CONVERSION = YES;
				CLANG_WARN_OBJC_ROOT_CLASS = YES_ERROR;
				CLANG_WARN_SUSPICIOUS_MOVE = YES;
				CLANG_WARN_UNREACHABLE_CODE = YES;
				CLANG_WARN__DUPLICATE_METHOD_MATCH = YES;
				"CODE_SIGN_IDENTITY[sdk=iphoneos*]" = "iPhone Developer";
				COPY_PHASE_STRIP = NO;
				DEBUG_INFORMATION_FORMAT = "dwarf-with-dsym";
				ENABLE_NS_ASSERTIONS = NO;
				ENABLE_STRICT_OBJC_MSGSEND = YES;
				GCC_C_LANGUAGE_STANDARD = gnu99;
				GCC_NO_COMMON_BLOCKS = YES;
				GCC_WARN_64_TO_32_BIT_CONVERSION = YES;
				GCC_WARN_ABOUT_RETURN_TYPE = YES_ERROR;
				GCC_WARN_UNDECLARED_SELECTOR = YES;
				GCC_WARN_UNINITIALIZED_AUTOS = YES_AGGRESSIVE;
				GCC_WARN_UNUSED_FUNCTION = YES;
				GCC_WARN_UNUSED_VARIABLE = YES;
				IPHONEOS_DEPLOYMENT_TARGET = 10.2;
				MTL_ENABLE_DEBUG_INFO = NO;
				SDKROOT = iphoneos;
				SWIFT_OPTIMIZATION_LEVEL = "-Owholemodule";
				VALIDATE_PRODUCT = YES;
			};
			name = Release;
		};
		68C9C6341E79550500E05725 /* Debug */ = {
			isa = XCBuildConfiguration;
			buildSettings = {
				ASSETCATALOG_COMPILER_APPICON_NAME = AppIcon;
				DEVELOPMENT_TEAM = 2C7W4RF846;
				INFOPLIST_FILE = App_Rullo/Info.plist;
				LD_RUNPATH_SEARCH_PATHS = "$(inherited) @executable_path/Frameworks";
				PRODUCT_BUNDLE_IDENTIFIER = com.icologic.iRullo;
				PRODUCT_NAME = "$(TARGET_NAME)";
				PROVISIONING_PROFILE = "1defaf7b-1e4d-45e0-8df2-9764d4c07b12";
				PROVISIONING_PROFILE_SPECIFIER = APPRULLODEV;
				SWIFT_VERSION = 3.0;
			};
			name = Debug;
		};
		68C9C6351E79550500E05725 /* Release */ = {
			isa = XCBuildConfiguration;
			buildSettings = {
				ASSETCATALOG_COMPILER_APPICON_NAME = AppIcon;
				DEVELOPMENT_TEAM = 2C7W4RF846;
				INFOPLIST_FILE = App_Rullo/Info.plist;
				LD_RUNPATH_SEARCH_PATHS = "$(inherited) @executable_path/Frameworks";
				PRODUCT_BUNDLE_IDENTIFIER = com.icologic.iRullo;
				PRODUCT_NAME = "$(TARGET_NAME)";
				PROVISIONING_PROFILE = "1defaf7b-1e4d-45e0-8df2-9764d4c07b12";
				PROVISIONING_PROFILE_SPECIFIER = APPRULLODEV;
				SWIFT_VERSION = 3.0;
			};
			name = Release;
		};
/* End XCBuildConfiguration section */

/* Begin XCConfigurationList section */
		68C9C6191E79550500E05725 /* Build configuration list for PBXProject "iRullo" */ = {
			isa = XCConfigurationList;
			buildConfigurations = (
				68C9C6311E79550500E05725 /* Debug */,
				68C9C6321E79550500E05725 /* Release */,
				417E2F2B1E938EC5003F9DA0 /* Distribution */,
			);
			defaultConfigurationIsVisible = 0;
			defaultConfigurationName = Release;
		};
		68C9C6331E79550500E05725 /* Build configuration list for PBXNativeTarget "iRullo" */ = {
			isa = XCConfigurationList;
			buildConfigurations = (
				68C9C6341E79550500E05725 /* Debug */,
				68C9C6351E79550500E05725 /* Release */,
				417E2F2C1E938EC5003F9DA0 /* Distribution */,
			);
			defaultConfigurationIsVisible = 0;
			defaultConfigurationName = Release;
		};
/* End XCConfigurationList section */

/* Begin XCVersionGroup section */
		68C9C6281E79550500E05725 /* App_Rullo.xcdatamodeld */ = {
			isa = XCVersionGroup;
			children = (
				68C9C6291E79550500E05725 /* App_Rullo.xcdatamodel */,
			);
			currentVersion = 68C9C6291E79550500E05725 /* App_Rullo.xcdatamodel */;
			path = App_Rullo.xcdatamodeld;
			sourceTree = "<group>";
			versionGroupType = wrapper.xcdatamodel;
		};
/* End XCVersionGroup section */
	};
	rootObject = 68C9C6161E79550500E05725 /* Project object */;
}
